# This file is autogenerated, do not edit; changes may be undone by the next 'dep ensure'.


[[projects]]
  branch = "windows"
  name = "github.com/gdamore/tcell"
  packages = ["."]
  revision = "a57ede10db025be7486a1ce088705104494ef405"

[[projects]]
  name = "github.com/mattn/go-runewidth"
  packages = ["."]
  revision = "9e777a8366cce605130a531d2cd6363d07ad7317"
  version = "v0.0.2"

[solve-meta]
  analyzer-name = "dep"
  analyzer-version = 1
  inputs-digest = "950082a58757be962077d3b21bf4f7987ad46fd4cc769c0ebe854d732971f9a6"
  solver-name = "gps-cdcl"
  solver-version = 1
